# This lock file was generated by conda-lock (https://github.com/conda/conda-lock). DO NOT EDIT!
#
# A "lock file" contains a concrete list of package versions (with checksums) to be installed. Unlike
# e.g. `conda env create`, the resulting environment will not change as new package versions become
# available, unless you explicitly update the lock file.
#
# Install this environment as "YOURENV" with:
#     conda-lock install -n YOURENV --file conda-lock.yml
# To update a single package to the latest version compatible with the version constraints in the source:
#     conda-lock lock  --lockfile conda-lock.yml --update PACKAGE
# To re-solve the entire environment, e.g. after changing a version constraint in the source file:
#     conda-lock -f environment.yml --lockfile conda-lock.yml
version: 1
metadata:
  content_hash:
    linux-64: ea3ea2e89ccbfd77dfed19e447c6a1b6368db4b9f171d081f2b55dcb6bd1a083
    win-64: 7e66f5d13ac9dd0605c20fc5bb3714abd0f57268be19770ad0a42722bded2762
  channels:
  - url: conda-forge
    used_env_vars: []
  - url: nvidia
    used_env_vars: []
  platforms:
  - linux-64
  - win-64
  sources:
  - environment.yml
package:
- name: _libgcc_mutex
  version: '0.1'
  manager: conda
  platform: linux-64
  dependencies: {}
  url: https://conda.anaconda.org/conda-forge/linux-64/_libgcc_mutex-0.1-conda_forge.tar.bz2
  hash:
    md5: d7c89558ba9fa0495403155b64376d81
    sha256: fe51de6107f9edc7aa4f786a70f4a883943bc9d39b3bb7307c04c41410990726
  category: main
  optional: false
- name: ca-certificates
  version: 2023.11.17
  manager: conda
  platform: linux-64
  dependencies: {}
  url: https://conda.anaconda.org/conda-forge/linux-64/ca-certificates-2023.11.17-hbcca054_0.conda
  hash:
    md5: 01ffc8d36f9eba0ce0b3c1955fa780ee
    sha256: fb4b9f4b7d885002db0b93e22f44b5b03791ef3d4efdc9d0662185a0faafd6b6
  category: main
  optional: false
- name: ld_impl_linux-64
  version: '2.40'
  manager: conda
  platform: linux-64
  dependencies: {}
  url: https://conda.anaconda.org/conda-forge/linux-64/ld_impl_linux-64-2.40-h41732ed_0.conda
  hash:
    md5: 7aca3059a1729aa76c597603f10b0dd3
    sha256: f6cc89d887555912d6c61b295d398cff9ec982a3417d38025c45d5dd9b9e79cd
  category: main
  optional: false
- name: libstdcxx-ng
  version: 13.2.0
  manager: conda
  platform: linux-64
  dependencies: {}
  url: https://conda.anaconda.org/conda-forge/linux-64/libstdcxx-ng-13.2.0-h7e041cc_3.conda
  hash:
    md5: 937eaed008f6bf2191c5fe76f87755e9
    sha256: 6c6c49efedcc5709a66f19fb6b26b69c6a5245310fd1d9a901fd5e38aaf7f882
  category: main
  optional: false
- name: tzdata
  version: 2023c
  manager: conda
  platform: linux-64
  dependencies: {}
  url: https://conda.anaconda.org/conda-forge/noarch/tzdata-2023c-h71feb2d_0.conda
  hash:
    md5: 939e3e74d8be4dac89ce83b20de2492a
    sha256: 0449138224adfa125b220154408419ec37c06b0b49f63c5954724325903ecf55
  category: main
  optional: false
- name: libgomp
  version: 13.2.0
  manager: conda
  platform: linux-64
  dependencies:
    _libgcc_mutex: '0.1'
  url: https://conda.anaconda.org/conda-forge/linux-64/libgomp-13.2.0-h807b86a_3.conda
  hash:
    md5: 7124cbb46b13d395bdde68f2d215c989
    sha256: 6ebedee39b6bbbc969715d0d7fa4b381cce67e1139862604ffa393f821c08e81
  category: main
  optional: false
- name: _openmp_mutex
  version: '4.5'
  manager: conda
  platform: linux-64
  dependencies:
    _libgcc_mutex: '0.1'
    libgomp: '>=7.5.0'
  url: https://conda.anaconda.org/conda-forge/linux-64/_openmp_mutex-4.5-2_gnu.tar.bz2
  hash:
    md5: 73aaf86a425cc6e73fcf236a5a46396d
    sha256: fbe2c5e56a653bebb982eda4876a9178aedfc2b545f25d0ce9c4c0b508253d22
  category: main
  optional: false
- name: libgcc-ng
  version: 13.2.0
  manager: conda
  platform: linux-64
  dependencies:
    _libgcc_mutex: '0.1'
    _openmp_mutex: '>=4.5'
  url: https://conda.anaconda.org/conda-forge/linux-64/libgcc-ng-13.2.0-h807b86a_3.conda
  hash:
    md5: 23fdf1fef05baeb7eadc2aed5fb0011f
    sha256: 5e88f658e07a30ab41b154b42c59f079b168acfa9551a75bdc972099453f4105
  category: main
  optional: false
- name: bzip2
  version: 1.0.8
  manager: conda
  platform: linux-64
  dependencies:
    libgcc-ng: '>=12'
  url: https://conda.anaconda.org/conda-forge/linux-64/bzip2-1.0.8-hd590300_5.conda
  hash:
    md5: 69b8b6202a07720f448be700e300ccf4
    sha256: 242c0c324507ee172c0e0dd2045814e746bb303d1eb78870d182ceb0abc726a8
  category: main
  optional: false
- name: libffi
  version: 3.2.1
  manager: conda
  platform: linux-64
  dependencies:
    libgcc-ng: '>=7.3.0'
    libstdcxx-ng: '>=7.3.0'
  url: https://conda.anaconda.org/conda-forge/linux-64/libffi-3.2.1-he1b5a44_1007.tar.bz2
  hash:
    md5: 11389072d7d6036fd811c3d9460475cd
    sha256: 992246df63724484e9ee8652ce3ca0237f707961beab8b813096bbc647cf84f4
  category: main
  optional: false
- name: libnsl
  version: 2.0.1
  manager: conda
  platform: linux-64
  dependencies:
    libgcc-ng: '>=12'
  url: https://conda.anaconda.org/conda-forge/linux-64/libnsl-2.0.1-hd590300_0.conda
  hash:
    md5: 30fd6e37fe21f86f4bd26d6ee73eeec7
    sha256: 26d77a3bb4dceeedc2a41bd688564fe71bf2d149fdcf117049970bc02ff1add6
  category: main
  optional: false
- name: libuuid
  version: 2.38.1
  manager: conda
  platform: linux-64
  dependencies:
    libgcc-ng: '>=12'
  url: https://conda.anaconda.org/conda-forge/linux-64/libuuid-2.38.1-h0b41bf4_0.conda
  hash:
    md5: 40b61aab5c7ba9ff276c41cfffe6b80b
    sha256: 787eb542f055a2b3de553614b25f09eefb0a0931b0c87dbcce6efdfd92f04f18
  category: main
  optional: false
- name: libzlib
  version: 1.2.13
  manager: conda
  platform: linux-64
  dependencies:
    libgcc-ng: '>=12'
  url: https://conda.anaconda.org/conda-forge/linux-64/libzlib-1.2.13-hd590300_5.conda
  hash:
    md5: f36c115f1ee199da648e0597ec2047ad
    sha256: 370c7c5893b737596fd6ca0d9190c9715d89d888b8c88537ae1ef168c25e82e4
  category: main
  optional: false
- name: ncurses
  version: '6.4'
  manager: conda
  platform: linux-64
  dependencies:
    libgcc-ng: '>=12'
  url: https://conda.anaconda.org/conda-forge/linux-64/ncurses-6.4-h59595ed_2.conda
  hash:
    md5: 7dbaa197d7ba6032caf7ae7f32c1efa0
    sha256: 91cc03f14caf96243cead96c76fe91ab5925a695d892e83285461fb927dece5e
  category: main
  optional: false
- name: openssl
  version: 1.1.1w
  manager: conda
  platform: linux-64
  dependencies:
    ca-certificates: ''
    libgcc-ng: '>=12'
  url: https://conda.anaconda.org/conda-forge/linux-64/openssl-1.1.1w-hd590300_0.conda
  hash:
    md5: 301e70057a3bd399640bb16bbdf87995
    sha256: 4fe19885c77f0758084feb54954bd1977dfeeab7134fba0a1d9c0cfff821d6bd
  category: main
  optional: false
- name: xz
  version: 5.2.6
  manager: conda
  platform: linux-64
  dependencies:
    libgcc-ng: '>=12'
  url: https://conda.anaconda.org/conda-forge/linux-64/xz-5.2.6-h166bdaf_0.tar.bz2
  hash:
    md5: 2161070d867d1b1204ea749c8eec4ef0
    sha256: 03a6d28ded42af8a347345f82f3eebdd6807a08526d47899a42d62d319609162
  category: main
  optional: false
- name: libsqlite
  version: 3.44.2
  manager: conda
  platform: linux-64
  dependencies:
    libgcc-ng: '>=12'
    libzlib: '>=1.2.13,<1.3.0a0'
  url: https://conda.anaconda.org/conda-forge/linux-64/libsqlite-3.44.2-h2797004_0.conda
  hash:
    md5: 3b6a9f225c3dbe0d24f4fedd4625c5bf
    sha256: ee2c4d724a3ed60d5b458864d66122fb84c6ce1df62f735f90d8db17b66cd88a
  category: main
  optional: false
- name: readline
  version: '8.2'
  manager: conda
  platform: linux-64
  dependencies:
    libgcc-ng: '>=12'
    ncurses: '>=6.3,<7.0a0'
  url: https://conda.anaconda.org/conda-forge/linux-64/readline-8.2-h8228510_1.conda
  hash:
    md5: 47d31b792659ce70f470b5c82fdfb7a4
    sha256: 5435cf39d039387fbdc977b0a762357ea909a7694d9528ab40f005e9208744d7
  category: main
  optional: false
- name: tk
  version: 8.6.13
  manager: conda
  platform: linux-64
  dependencies:
    libgcc-ng: '>=12'
    libzlib: '>=1.2.13,<1.3.0a0'
  url: https://conda.anaconda.org/conda-forge/linux-64/tk-8.6.13-noxft_h4845f30_101.conda
  hash:
    md5: d453b98d9c83e71da0741bb0ff4d76bc
    sha256: e0569c9caa68bf476bead1bed3d79650bb080b532c64a4af7d8ca286c08dea4e
  category: main
  optional: false
- name: zlib
  version: 1.2.13
  manager: conda
  platform: linux-64
  dependencies:
    libgcc-ng: '>=12'
    libzlib: 1.2.13
  url: https://conda.anaconda.org/conda-forge/linux-64/zlib-1.2.13-hd590300_5.conda
  hash:
    md5: 68c34ec6149623be41a1933ab996a209
    sha256: 9887a04d7e7cb14bd2b52fa01858f05a6d7f002c890f618d9fcd864adbfecb1b
  category: main
  optional: false
- name: sqlite
  version: 3.44.2
  manager: conda
  platform: linux-64
  dependencies:
    libgcc-ng: '>=12'
    libsqlite: 3.44.2
    libzlib: '>=1.2.13,<1.3.0a0'
    ncurses: '>=6.4,<7.0a0'
    readline: '>=8.2,<9.0a0'
  url: https://conda.anaconda.org/conda-forge/linux-64/sqlite-3.44.2-h2c6b66d_0.conda
  hash:
    md5: 4f2892c672829693fd978d065db4e8be
    sha256: bae479520fe770fe11996b4c240923ed097f851fbd2401d55540e551c9dbbef7
  category: main
  optional: false
- name: python
  version: 3.6.10
  manager: conda
  platform: linux-64
  dependencies:
    ld_impl_linux-64: ''
    libffi: '>=3.2.1,<3.3.0a0'
    libgcc-ng: '>=7.3.0'
    libstdcxx-ng: '>=7.3.0'
    ncurses: '>=6.1,<7.0.0a0'
    openssl: '>=1.1.1g,<1.1.2a'
    readline: '>=8.0,<9.0a0'
    sqlite: '>=3.30.1,<4.0a0'
    tk: '>=8.6.10,<8.7.0a0'
    xz: '>=5.2.5,<6.0.0a0'
    zlib: '>=1.2.11,<1.3.0a0'
  url: https://conda.anaconda.org/conda-forge/linux-64/python-3.6.10-h8356626_1011_cpython.tar.bz2
  hash:
    md5: 736d991b4f50e40eec7a282d2301744f
    sha256: addab0e3c76d5e661e3bdec35d58ced5b7a4480b8174b7b6af469b92685d687b
  category: main
  optional: false
- name: dataclasses
  version: '0.8'
  manager: conda
  platform: linux-64
  dependencies:
    python: '>=3.6,<3.7'
  url: https://conda.anaconda.org/conda-forge/noarch/dataclasses-0.8-pyh787bdff_2.tar.bz2
  hash:
    md5: ed959a4ba14e6ddfa898630a5474a601
    sha256: 99869a051cc013089ff502fd1eb041749f502467d812f433d8f998fb2fd065b5
  category: main
  optional: false
- name: mccabe
  version: 0.7.0
  manager: conda
  platform: linux-64
  dependencies:
    python: '>=3.6'
  url: https://conda.anaconda.org/conda-forge/noarch/mccabe-0.7.0-pyhd8ed1ab_0.tar.bz2
  hash:
    md5: 34fc335fc50eef0b5ea708f2b5f54e0c
    sha256: 0466ad9490b761e9a8c57fab574fc099136b45fa19a0746ce33acdeb2a84766b
  category: main
  optional: false
- name: mypy_extensions
  version: 1.0.0
  manager: conda
  platform: linux-64
  dependencies:
    python: '>=3.5'
  url: https://conda.anaconda.org/conda-forge/noarch/mypy_extensions-1.0.0-pyha770c72_0.conda
  hash:
    md5: 4eccaeba205f0aed9ac3a9ea58568ca3
    sha256: f240217476e148e825420c6bc3a0c0efb08c0718b7042fae960400c02af858a3
  category: main
  optional: false
- name: packaging
  version: '23.2'
  manager: conda
  platform: linux-64
  dependencies:
    python: '>=3.7'
  url: https://conda.anaconda.org/conda-forge/noarch/packaging-23.2-pyhd8ed1ab_0.conda
  hash:
    md5: 79002079284aa895f883c6b7f3f88fd6
    sha256: 69b3ace6cca2dab9047b2c24926077d81d236bef45329d264b394001e3c3e52f
  category: main
  optional: false
- name: pathspec
  version: 0.9.0
  manager: conda
  platform: linux-64
  dependencies:
    python: '>=2.7,!=3.0.*,!=3.1.*,!=3.2.*,!=3.3.*,!=3.4.*'
  url: https://conda.anaconda.org/conda-forge/noarch/pathspec-0.9.0-pyhd8ed1ab_0.tar.bz2
  hash:
    md5: f93dc0ccbc0a8472624165f6e256c7d1
    sha256: 80f6a7f92de6f341b80316fc7206c0e48807bcb1eb5612d68d32de8755082fc7
  category: main
  optional: false
- name: platformdirs
  version: 2.5.1
  manager: conda
  platform: linux-64
  dependencies:
    python: '>=3.6'
  url: https://conda.anaconda.org/conda-forge/noarch/platformdirs-2.5.1-pyhd8ed1ab_0.tar.bz2
  hash:
    md5: d5df87964a39f67c46a5448f4e78d9b6
    sha256: 14f8908ade3564480d6ed3c35de335fb9100d945a58223b5432e4a764e62dd01
  category: main
  optional: false
- name: pycodestyle
  version: 2.9.1
  manager: conda
  platform: linux-64
  dependencies:
    python: '>=3.6'
  url: https://conda.anaconda.org/conda-forge/noarch/pycodestyle-2.9.1-pyhd8ed1ab_0.tar.bz2
  hash:
    md5: 0191dd7efe1a94262812770183b68892
    sha256: 0c2e2dd3d6239f1623506ae9b56a91455149b9daaec5c089ccc62f15931ac530
  category: main
  optional: false
- name: pyflakes
  version: 2.5.0
  manager: conda
  platform: linux-64
  dependencies:
    python: 2.7.*|>=3.5
  url: https://conda.anaconda.org/conda-forge/noarch/pyflakes-2.5.0-pyhd8ed1ab_0.tar.bz2
  hash:
    md5: 1b3bef4313288ae8d35b1dfba4cd84a3
    sha256: c12fa2398bf56c56af914a374d73d9fafbb775f445eaaa2dc34c34ddbeb3dddd
  category: main
  optional: false
- name: python_abi
  version: '3.6'
  manager: conda
  platform: linux-64
  dependencies:
    python: 3.6.*
  url: https://conda.anaconda.org/conda-forge/linux-64/python_abi-3.6-2_cp36m.tar.bz2
  hash:
    md5: 6f5b92d833a339da29ad8578c2a648ad
    sha256: 0572137e715cfc699fc5a771ae81ae797b271a3fc4ca02fdcaff634fe2a03789
  category: main
  optional: false
- name: tomli
  version: 1.2.2
  manager: conda
  platform: linux-64
  dependencies:
    python: '>=3.6'
  url: https://conda.anaconda.org/conda-forge/noarch/tomli-1.2.2-pyhd8ed1ab_0.tar.bz2
  hash:
    md5: 1c8a2f9ea18c267414e244cee668cd00
    sha256: 6f9c3765c6fa55390850f6e8b8eba004a5c688026a67d61e39fef4b17206a224
  category: main
  optional: false
- name: typing_extensions
  version: 4.1.1
  manager: conda
  platform: linux-64
  dependencies:
    python: '>=3.6'
  url: https://conda.anaconda.org/conda-forge/noarch/typing_extensions-4.1.1-pyha770c72_0.tar.bz2
  hash:
    md5: 74761ba7bc682e9009520163a1031ace
    sha256: f3699013510bcfdad7538251aebe4db243af3db0c8ce13619fbaa060bf8bc93e
  category: main
  optional: false
- name: wheel
  version: 0.37.1
  manager: conda
  platform: linux-64
  dependencies:
    python: '!=3.0,!=3.1,!=3.2,!=3.3,!=3.4'
  url: https://conda.anaconda.org/conda-forge/noarch/wheel-0.37.1-pyhd8ed1ab_0.tar.bz2
  hash:
    md5: 1ca02aaf78d9c70d9a81a3bed5752022
    sha256: aede66e6370f3b936164a703e48362f9080d7162234058fb2ee63cc84d528afc
  category: main
  optional: false
- name: zipp
  version: 3.6.0
  manager: conda
  platform: linux-64
  dependencies:
    python: '>=3.6'
  url: https://conda.anaconda.org/conda-forge/noarch/zipp-3.6.0-pyhd8ed1ab_0.tar.bz2
  hash:
    md5: 855e2c4622f5eb50a4f6f7167b9ba17a
    sha256: 73b8a770369cd5e769882dd4e26b01056549159e7173d245c815365bcfbf2e02
  category: main
  optional: false
- name: importlib-metadata
  version: 4.8.1
  manager: conda
  platform: linux-64
  dependencies:
    python: '>=3.6,<3.7.0a0'
    python_abi: 3.6.*
    typing_extensions: '>=3.6.4'
    zipp: '>=0.5'
  url: https://conda.anaconda.org/conda-forge/linux-64/importlib-metadata-4.8.1-py36h5fab9bb_0.tar.bz2
  hash:
    md5: ec50a4f999b407d69b3a433c1405f0ba
    sha256: b31bfd443a232d8db4e8050b129650c97c8dcc50564bbf3145a15b12f06060da
  category: main
  optional: false
- name: setuptools
  version: 58.0.4
  manager: conda
  platform: linux-64
  dependencies:
    python: '>=3.6,<3.7.0a0'
    python_abi: 3.6.*
  url: https://conda.anaconda.org/conda-forge/linux-64/setuptools-58.0.4-py36h5fab9bb_2.tar.bz2
  hash:
    md5: d584b24af029d1fc78b6a0d2cc294d40
    sha256: 1bde5b6c7e28a4df47d9f6ee910f183b1ce43500457095f36b58a16d8dba355c
  category: main
  optional: false
- name: typed-ast
  version: 1.4.3
  manager: conda
  platform: linux-64
  dependencies:
    libgcc-ng: '>=9.3.0'
    python: '>=3.6,<3.7.0a0'
    python_abi: 3.6.*
  url: https://conda.anaconda.org/conda-forge/linux-64/typed-ast-1.4.3-py36h8f6f2f9_0.tar.bz2
  hash:
    md5: 738cc2808eaff7e220a6f46bbddd4e5a
    sha256: b5a2821b24013616d0e7f645ac57fa7ad6c7766ac56f0ed7b310780f0b0458c7
  category: main
  optional: false
- name: click
  version: 8.0.1
  manager: conda
  platform: linux-64
  dependencies:
    importlib-metadata: ''
    python: '>=3.6,<3.7.0a0'
    python_abi: 3.6.*
  url: https://conda.anaconda.org/conda-forge/linux-64/click-8.0.1-py36h5fab9bb_0.tar.bz2
  hash:
    md5: 0b99dd9d5e929ced82084bbf0b6135da
    sha256: 81011c30be236a5f9548a94a25f88767a14eed4433ebacd004a8c10e8395f323
  category: main
  optional: false
- name: flake8
  version: 5.0.4
  manager: conda
  platform: linux-64
  dependencies:
    importlib-metadata: '>=1.1.0'
    mccabe: '>=0.7.0,<0.8.0'
    pycodestyle: '>=2.9.0,<2.10.0'
    pyflakes: '>=2.5.0,<2.6.0'
    python: '>=3.6.1'
    setuptools: '>=30.0.0'
  url: https://conda.anaconda.org/conda-forge/noarch/flake8-5.0.4-pyhd8ed1ab_0.tar.bz2
  hash:
    md5: 8079ea7dec0a917dd0cb6c257f7ea9ea
    sha256: 164c3be7afcd9fe7fcd193da8d87e9cf6f221afc772b9f254d513dee5cfbd5b7
  category: main
  optional: false
- name: isort
  version: 5.10.1
  manager: conda
  platform: linux-64
  dependencies:
    python: '>=3.6,<4.0'
    setuptools: ''
  url: https://conda.anaconda.org/conda-forge/noarch/isort-5.10.1-pyhd8ed1ab_0.tar.bz2
  hash:
    md5: 83df9ffefe1cc01d9e60405bf871bfdb
    sha256: b9c74f448872cea7ecc10c6f3ec718427ec9632d446e102ef9525f23c172cf5a
  category: main
  optional: false
- name: pip
  version: 21.3.1
  manager: conda
  platform: linux-64
  dependencies:
    python: '>=3.6'
    setuptools: ''
    wheel: ''
  url: https://conda.anaconda.org/conda-forge/noarch/pip-21.3.1-pyhd8ed1ab_0.tar.bz2
  hash:
    md5: e4fe2a9af78ff11f1aced7e62128c6a8
    sha256: 5491649d26dbfe0b28adbf916226e15fb4bd76b650bc5363ad566c4dee9906e1
  category: main
  optional: false
- name: black
  version: 22.6.0
  manager: conda
  platform: linux-64
  dependencies:
    click: '>=8.0.0'
    dataclasses: '>=0.6'
    mypy_extensions: '>=0.4.3'
    pathspec: '>=0.9,<1'
    platformdirs: '>=2'
    python: '>=3.6'
    tomli: '>=1.1.0'
    typed-ast: '>=1.4.2'
    typing_extensions: '>=3.10,!=3.10.0.1'
  url: https://conda.anaconda.org/conda-forge/noarch/black-22.6.0-pyhd8ed1ab_0.tar.bz2
  hash:
    md5: f8fb78b07826bbf84deda3cf128cfbe2
    sha256: 2dcd6c10844c8c62060270abd6dcca518c6bf6fccf344fd0ccae0e2920772e0f
  category: main
  optional: false
- name: warmup-scheduler
  version: '0.3'
  manager: pip
  platform: linux-64
  dependencies: {}
  url: https://files.pythonhosted.org/packages/00/39/f77fb5a7a572891c1f4df1d8e1373a1380cb6d861933886334553244d002/warmup_scheduler-0.3.tar.gz
  hash:
    sha256: 63624cf5010772252c530ceb1a64e3fd60e3ee54264054da389f1b421089b714
  category: main
  optional: false
- name: ca-certificates
  version: 2023.11.17
  manager: conda
  platform: win-64
  dependencies: {}
  url: https://conda.anaconda.org/conda-forge/win-64/ca-certificates-2023.11.17-h56e8100_0.conda
  hash:
    md5: 1163114b483f26761f993c709e65271f
    sha256: c6177e2a4967db7a4e929c6ecd2fafde36e489dbeda23ceda640f4915cb0e877
  category: main
  optional: false
- name: tzdata
  version: 2023c
  manager: conda
  platform: win-64
  dependencies: {}
  url: https://conda.anaconda.org/conda-forge/noarch/tzdata-2023c-h71feb2d_0.conda
  hash:
    md5: 939e3e74d8be4dac89ce83b20de2492a
    sha256: 0449138224adfa125b220154408419ec37c06b0b49f63c5954724325903ecf55
  category: main
  optional: false
- name: ucrt
  version: 10.0.22621.0
  manager: conda
  platform: win-64
  dependencies: {}
  url: https://conda.anaconda.org/conda-forge/win-64/ucrt-10.0.22621.0-h57928b3_0.tar.bz2
  hash:
    md5: 72608f6cd3e5898229c3ea16deb1ac43
    sha256: f29cdaf8712008f6b419b8b1a403923b00ab2504bfe0fb2ba8eb60e72d4f14c6
  category: main
  optional: false
- name: vc14_runtime
  version: 14.36.32532
  manager: conda
  platform: win-64
  dependencies:
    ucrt: '>=10.0.20348.0'
  url: https://conda.anaconda.org/conda-forge/win-64/vc14_runtime-14.36.32532-hdcecf7f_17.conda
  hash:
    md5: d0de20f2f3fc806a81b44fcdd941aaf7
    sha256: b317d49af32d5c031828e62c08d56f01d9a64cd3f40d4cccb052bc38c7a9e62e
  category: main
  optional: false
- name: vc
  version: '14.3'
  manager: conda
  platform: win-64
  dependencies:
    vc14_runtime: '>=14.36.32532'
  url: https://conda.anaconda.org/conda-forge/win-64/vc-14.3-h64f974e_17.conda
  hash:
    md5: 67ff6791f235bb606659bf2a5c169191
    sha256: 86ae94bf680980776aa761c2b0909a0ddbe1f817e7eeb8b16a1730f10f8891b6
  category: main
  optional: false
- name: vs2015_runtime
  version: 14.36.32532
  manager: conda
  platform: win-64
  dependencies:
    vc14_runtime: '>=14.36.32532'
  url: https://conda.anaconda.org/conda-forge/win-64/vs2015_runtime-14.36.32532-h05e6639_17.conda
  hash:
    md5: 4618046c39f7c81861e53ded842e738a
    sha256: 5ecbd731dc7f13762d67be0eadc47eb7f14713005e430d9b5fc680e965ac0f81
  category: main
  optional: false
- name: bzip2
  version: 1.0.8
  manager: conda
  platform: win-64
  dependencies:
    ucrt: '>=10.0.20348.0'
    vc: '>=14.2,<15'
    vc14_runtime: '>=14.29.30139'
  url: https://conda.anaconda.org/conda-forge/win-64/bzip2-1.0.8-hcfcfb64_5.conda
  hash:
    md5: 26eb8ca6ea332b675e11704cce84a3be
    sha256: ae5f47a5c86fd6db822931255dcf017eb12f60c77f07dc782ccb477f7808aab2
  category: main
  optional: false
- name: libffi
  version: 3.4.2
  manager: conda
  platform: win-64
  dependencies:
    vc: '>=14.1,<15.0a0'
    vs2015_runtime: '>=14.16.27012'
  url: https://conda.anaconda.org/conda-forge/win-64/libffi-3.4.2-h8ffe710_5.tar.bz2
  hash:
    md5: 2c96d1b6915b408893f9472569dee135
    sha256: 1951ab740f80660e9bc07d2ed3aefb874d78c107264fd810f24a1a6211d4b1a5
  category: main
  optional: false
- name: libsqlite
  version: 3.44.2
  manager: conda
  platform: win-64
  dependencies:
    ucrt: '>=10.0.20348.0'
    vc: '>=14.2,<15'
    vc14_runtime: '>=14.29.30139'
  url: https://conda.anaconda.org/conda-forge/win-64/libsqlite-3.44.2-hcfcfb64_0.conda
  hash:
    md5: 4a5f5ab56cbf3ccd08d71a1168061213
    sha256: 25bfcf79ec863c2c0f0b3599981e2eac57efc5302faf2bb84f68c3f0faa55d1c
  category: main
  optional: false
- name: libzlib
  version: 1.2.13
  manager: conda
  platform: win-64
  dependencies:
    ucrt: '>=10.0.20348.0'
    vc: '>=14.2,<15'
    vc14_runtime: '>=14.29.30139'
  url: https://conda.anaconda.org/conda-forge/win-64/libzlib-1.2.13-hcfcfb64_5.conda
  hash:
    md5: 5fdb9c6a113b6b6cb5e517fd972d5f41
    sha256: c161822ee8130b71e08b6d282b9919c1de2c5274b29921a867bca0f7d30cad26
  category: main
  optional: false
- name: openssl
  version: 3.2.0
  manager: conda
  platform: win-64
  dependencies:
    ca-certificates: ''
    ucrt: '>=10.0.20348.0'
    vc: '>=14.2,<15'
    vc14_runtime: '>=14.29.30139'
  url: https://conda.anaconda.org/conda-forge/win-64/openssl-3.2.0-hcfcfb64_1.conda
  hash:
    md5: d10167022f99bad12ee07dea022d5830
    sha256: 373b9671173ef3413d2a95f3781176b818db904ba82298f8447b9658d71e2cc9
  category: main
  optional: false
- name: python
  version: 3.6.10
  manager: conda
  platform: win-64
  dependencies:
    vc: '>=14.1,<15.0a0'
  url: https://conda.anaconda.org/conda-forge/win-64/python-3.6.10-he025d50_1009_cpython.tar.bz2
  hash:
    md5: f51fd5b17db0288e7c8473f915c7ec44
    sha256: 39e10c6a3622357b7594255edc29951adc0db62e4c8c0b0c019f5e01ef35df80
  category: main
  optional: false
- name: tk
  version: 8.6.13
  manager: conda
  platform: win-64
  dependencies:
    ucrt: '>=10.0.20348.0'
    vc: '>=14.2,<15'
    vc14_runtime: '>=14.29.30139'
  url: https://conda.anaconda.org/conda-forge/win-64/tk-8.6.13-h5226925_1.conda
  hash:
    md5: fc048363eb8f03cd1737600a5d08aafe
    sha256: 2c4e914f521ccb2718946645108c9bd3fc3216ba69aea20c2c3cedbd8db32bb1
  category: main
  optional: false
- name: xz
  version: 5.2.6
  manager: conda
  platform: win-64
  dependencies:
    vc: '>=14.1,<15'
    vs2015_runtime: '>=14.16.27033'
  url: https://conda.anaconda.org/conda-forge/win-64/xz-5.2.6-h8d14728_0.tar.bz2
  hash:
    md5: 515d77642eaa3639413c6b1bc3f94219
    sha256: 54d9778f75a02723784dc63aff4126ff6e6749ba21d11a6d03c1f4775f269fe0
  category: main
  optional: false
- name: colorama
  version: 0.4.5
  manager: conda
  platform: win-64
  dependencies:
    python: '>=3.6'
  url: https://conda.anaconda.org/conda-forge/noarch/colorama-0.4.5-pyhd8ed1ab_0.tar.bz2
  hash:
    md5: c267da48ce208905d7d976d49dfd9433
    sha256: fcab1a16af5daf3a1ea9b0a7ed15615f0d5fff05ff4925ed570988868bb29e38
  category: main
  optional: false
- name: dataclasses
  version: '0.8'
  manager: conda
  platform: win-64
  dependencies:
    python: '>=3.6,<3.7'
  url: https://conda.anaconda.org/conda-forge/noarch/dataclasses-0.8-pyh787bdff_2.tar.bz2
  hash:
    md5: ed959a4ba14e6ddfa898630a5474a601
    sha256: 99869a051cc013089ff502fd1eb041749f502467d812f433d8f998fb2fd065b5
  category: main
  optional: false
- name: mccabe
  version: 0.7.0
  manager: conda
  platform: win-64
  dependencies:
    python: '>=3.6'
  url: https://conda.anaconda.org/conda-forge/noarch/mccabe-0.7.0-pyhd8ed1ab_0.tar.bz2
  hash:
    md5: 34fc335fc50eef0b5ea708f2b5f54e0c
    sha256: 0466ad9490b761e9a8c57fab574fc099136b45fa19a0746ce33acdeb2a84766b
  category: main
  optional: false
- name: mypy_extensions
  version: 1.0.0
  manager: conda
  platform: win-64
  dependencies:
    python: '>=3.5'
  url: https://conda.anaconda.org/conda-forge/noarch/mypy_extensions-1.0.0-pyha770c72_0.conda
  hash:
    md5: 4eccaeba205f0aed9ac3a9ea58568ca3
    sha256: f240217476e148e825420c6bc3a0c0efb08c0718b7042fae960400c02af858a3
  category: main
  optional: false
- name: packaging
  version: '23.2'
  manager: conda
  platform: win-64
  dependencies:
    python: '>=3.7'
  url: https://conda.anaconda.org/conda-forge/noarch/packaging-23.2-pyhd8ed1ab_0.conda
  hash:
    md5: 79002079284aa895f883c6b7f3f88fd6
    sha256: 69b3ace6cca2dab9047b2c24926077d81d236bef45329d264b394001e3c3e52f
  category: main
  optional: false
- name: pathspec
  version: 0.9.0
  manager: conda
  platform: win-64
  dependencies:
    python: '>=2.7,!=3.0.*,!=3.1.*,!=3.2.*,!=3.3.*,!=3.4.*'
  url: https://conda.anaconda.org/conda-forge/noarch/pathspec-0.9.0-pyhd8ed1ab_0.tar.bz2
  hash:
    md5: f93dc0ccbc0a8472624165f6e256c7d1
    sha256: 80f6a7f92de6f341b80316fc7206c0e48807bcb1eb5612d68d32de8755082fc7
  category: main
  optional: false
- name: platformdirs
  version: 2.5.1
  manager: conda
  platform: win-64
  dependencies:
    python: '>=3.6'
  url: https://conda.anaconda.org/conda-forge/noarch/platformdirs-2.5.1-pyhd8ed1ab_0.tar.bz2
  hash:
    md5: d5df87964a39f67c46a5448f4e78d9b6
    sha256: 14f8908ade3564480d6ed3c35de335fb9100d945a58223b5432e4a764e62dd01
  category: main
  optional: false
- name: pycodestyle
  version: 2.9.1
  manager: conda
  platform: win-64
  dependencies:
    python: '>=3.6'
  url: https://conda.anaconda.org/conda-forge/noarch/pycodestyle-2.9.1-pyhd8ed1ab_0.tar.bz2
  hash:
    md5: 0191dd7efe1a94262812770183b68892
    sha256: 0c2e2dd3d6239f1623506ae9b56a91455149b9daaec5c089ccc62f15931ac530
  category: main
  optional: false
- name: pyflakes
  version: 2.5.0
  manager: conda
  platform: win-64
  dependencies:
    python: 2.7.*|>=3.5
  url: https://conda.anaconda.org/conda-forge/noarch/pyflakes-2.5.0-pyhd8ed1ab_0.tar.bz2
  hash:
    md5: 1b3bef4313288ae8d35b1dfba4cd84a3
    sha256: c12fa2398bf56c56af914a374d73d9fafbb775f445eaaa2dc34c34ddbeb3dddd
  category: main
  optional: false
- name: python_abi
  version: '3.6'
  manager: conda
  platform: win-64
  dependencies:
    python: 3.6.*
  url: https://conda.anaconda.org/conda-forge/win-64/python_abi-3.6-2_cp36m.tar.bz2
  hash:
    md5: 7d5091713ab031f827e4d3653b24fb01
    sha256: 232996686dfdc9c80f34420caa4c35bf0343a8aa1101a81107aad662a3787b16
  category: main
  optional: false
- name: tomli
  version: 1.2.2
  manager: conda
  platform: win-64
  dependencies:
    python: '>=3.6'
  url: https://conda.anaconda.org/conda-forge/noarch/tomli-1.2.2-pyhd8ed1ab_0.tar.bz2
  hash:
    md5: 1c8a2f9ea18c267414e244cee668cd00
    sha256: 6f9c3765c6fa55390850f6e8b8eba004a5c688026a67d61e39fef4b17206a224
  category: main
  optional: false
- name: typing_extensions
  version: 4.1.1
  manager: conda
  platform: win-64
  dependencies:
    python: '>=3.6'
  url: https://conda.anaconda.org/conda-forge/noarch/typing_extensions-4.1.1-pyha770c72_0.tar.bz2
  hash:
    md5: 74761ba7bc682e9009520163a1031ace
    sha256: f3699013510bcfdad7538251aebe4db243af3db0c8ce13619fbaa060bf8bc93e
  category: main
  optional: false
- name: wheel
  version: 0.37.1
  manager: conda
  platform: win-64
  dependencies:
    python: '!=3.0,!=3.1,!=3.2,!=3.3,!=3.4'
  url: https://conda.anaconda.org/conda-forge/noarch/wheel-0.37.1-pyhd8ed1ab_0.tar.bz2
  hash:
    md5: 1ca02aaf78d9c70d9a81a3bed5752022
    sha256: aede66e6370f3b936164a703e48362f9080d7162234058fb2ee63cc84d528afc
  category: main
  optional: false
- name: zipp
  version: 3.6.0
  manager: conda
  platform: win-64
  dependencies:
    python: '>=3.6'
  url: https://conda.anaconda.org/conda-forge/noarch/zipp-3.6.0-pyhd8ed1ab_0.tar.bz2
  hash:
    md5: 855e2c4622f5eb50a4f6f7167b9ba17a
    sha256: 73b8a770369cd5e769882dd4e26b01056549159e7173d245c815365bcfbf2e02
  category: main
  optional: false
- name: importlib-metadata
  version: 4.8.1
  manager: conda
  platform: win-64
  dependencies:
    python: '>=3.6,<3.7.0a0'
    python_abi: 3.6.*
    typing_extensions: '>=3.6.4'
    zipp: '>=0.5'
  url: https://conda.anaconda.org/conda-forge/win-64/importlib-metadata-4.8.1-py36ha15d459_0.tar.bz2
  hash:
    md5: a03999f088a613b004793c79836f8586
    sha256: 9d1e5231f7b93303ed9a347e986d2f5f5cbeed30f4f7b6f89f3073dee7d4b2d5
  category: main
  optional: false
- name: setuptools
  version: 58.0.4
  manager: conda
  platform: win-64
  dependencies:
    python: '>=3.6,<3.7.0a0'
    python_abi: 3.6.*
  url: https://conda.anaconda.org/conda-forge/win-64/setuptools-58.0.4-py36ha15d459_2.tar.bz2
  hash:
    md5: c3ec7ff14cc5bc85e872fdc178682658
    sha256: cd18f84b8385402dae1546b4c84dc3dfc694461d1c67147174c757852b997a91
  category: main
  optional: false
- name: typed-ast
  version: 1.4.3
  manager: conda
  platform: win-64
  dependencies:
    python: '>=3.6,<3.7.0a0'
    python_abi: 3.6.*
    vc: '>=14.1,<15.0a0'
    vs2015_runtime: '>=14.16.27012'
  url: https://conda.anaconda.org/conda-forge/win-64/typed-ast-1.4.3-py36h68aa20f_0.tar.bz2
  hash:
    md5: 690400fcd5b82a020fe4c48d4de4a35f
    sha256: 0d044dc40fd791f0f5ab7cc410280f47ea1574f5efee701a0409ad7c704233aa
  category: main
  optional: false
- name: click
  version: 8.0.1
  manager: conda
  platform: win-64
  dependencies:
    colorama: ''
    importlib-metadata: ''
    python: '>=3.6,<3.7.0a0'
    python_abi: 3.6.*
  url: https://conda.anaconda.org/conda-forge/win-64/click-8.0.1-py36ha15d459_0.tar.bz2
  hash:
    md5: 7e8118398369a908aa80ba7814a977d8
    sha256: 461e300ea23080e9eeaeafc27d6093b4af3a171178cc381097a1eb6a7b64d9cd
  category: main
  optional: false
- name: flake8
  version: 5.0.4
  manager: conda
  platform: win-64
  dependencies:
    python: '>=3.6.1'
    mccabe: '>=0.7.0,<0.8.0'
    setuptools: '>=30.0.0'
    pycodestyle: '>=2.9.0,<2.10.0'
    pyflakes: '>=2.5.0,<2.6.0'
    importlib-metadata: '>=1.1.0'
  url: https://conda.anaconda.org/conda-forge/noarch/flake8-5.0.4-pyhd8ed1ab_0.tar.bz2
  hash:
    md5: 8079ea7dec0a917dd0cb6c257f7ea9ea
    sha256: 164c3be7afcd9fe7fcd193da8d87e9cf6f221afc772b9f254d513dee5cfbd5b7
  category: main
  optional: false
- name: isort
  version: 5.10.1
  manager: conda
  platform: win-64
  dependencies:
    setuptools: ''
    python: '>=3.6,<4.0'
  url: https://conda.anaconda.org/conda-forge/noarch/isort-5.10.1-pyhd8ed1ab_0.tar.bz2
  hash:
    md5: 83df9ffefe1cc01d9e60405bf871bfdb
    sha256: b9c74f448872cea7ecc10c6f3ec718427ec9632d446e102ef9525f23c172cf5a
  category: main
  optional: false
- name: pip
  version: 21.3.1
  manager: conda
  platform: win-64
  dependencies:
    setuptools: ''
    wheel: ''
    python: '>=3.6'
  url: https://conda.anaconda.org/conda-forge/noarch/pip-21.3.1-pyhd8ed1ab_0.tar.bz2
  hash:
    md5: e4fe2a9af78ff11f1aced7e62128c6a8
    sha256: 5491649d26dbfe0b28adbf916226e15fb4bd76b650bc5363ad566c4dee9906e1
  category: main
  optional: false
- name: black
  version: 22.6.0
  manager: conda
  platform: win-64
  dependencies:
    python: '>=3.6'
    dataclasses: '>=0.6'
    tomli: '>=1.1.0'
    click: '>=8.0.0'
    mypy_extensions: '>=0.4.3'
    platformdirs: '>=2'
    typed-ast: '>=1.4.2'
    pathspec: '>=0.9,<1'
    typing_extensions: '>=3.10,!=3.10.0.1'
  url: https://conda.anaconda.org/conda-forge/noarch/black-22.6.0-pyhd8ed1ab_0.tar.bz2
  hash:
    md5: f8fb78b07826bbf84deda3cf128cfbe2
    sha256: 2dcd6c10844c8c62060270abd6dcca518c6bf6fccf344fd0ccae0e2920772e0f
  category: main
  optional: false
- name: warmup-scheduler
  version: '0.3'
  manager: pip
  platform: win-64
  dependencies: {}
  url: https://files.pythonhosted.org/packages/00/39/f77fb5a7a572891c1f4df1d8e1373a1380cb6d861933886334553244d002/warmup_scheduler-0.3.tar.gz
  hash:
    sha256: 63624cf5010772252c530ceb1a64e3fd60e3ee54264054da389f1b421089b714
  category: main
  optional: false
